{
  "name": "ssp-swap-sidecar",
  "version": "0.1.0",
  "lockfileVersion": 3,
  "requires": true,
  "packages": {
    "": {
      "name": "ssp-swap-sidecar",
      "version": "0.1.0",
      "dependencies": {
        "@bufbuild/protobuf": "^2.2.0",
        "@scure/base": "^1.1.9"
      }
    },
    "node_modules/@bufbuild/protobuf": {
      "version": "2.14.1",
      "resolved": "https://registry.npmjs.org/@bufbuild/protobuf/-/protobuf-2.14.1.tgz",
      "integrity": "sha512-agRJn3+EJDUe8AvxTx/LnHA/GErvLE62pSaSk7+MwFOtOv8eWBu/qCq2qoZjBjVZ3C2aiFJCveuSs17KMkYGOw==",
      "license": "(Apache-2.0 AND BSD-3-Clause)"
    },
    "node_modules/@scure/base": {
      "version": "1.2.6",
      "resolved": "https://registry.npmjs.org/@scure/base/-/base-1.2.6.tgz",
      "integrity": "sha512-g/nm5FgUa//MCj1gV09zTJTaM6KBAHqLN907YVQqf7zC49+DcO4B1so4ZX07Ef10Twr6nuqYEH9GEggFXA4Fmg==",
      "license": "MIT",
      "funding": {
        "url": "https://paulmillr.com/funding/"
      }
    }
  }
}
